version = 1
revision = 2
requires-python = ">=3.11"

[[package]]
name = "paho-mqtt"
version = "2.1.0"
source = { registry = "https://pypi.org/simple" }
sdist = { url = "https://files.pythonhosted.org/packages/39/15/0a6214e76d4d32e7f663b109cf71fb22561c2be0f701d67f93950cd40542/paho_mqtt-2.1.0.tar.gz", hash = "sha256:12d6e7511d4137555a3f6ea167ae846af2c7357b10bc6fa4f7c3968fc1723834", size = 148848, upload-time = "2024-04-29T19:52:55.591Z" }
wheels = [
    { url = "https://files.pythonhosted.org/packages/c4/cb/00451c3cf31790287768bb12c6bec834f5d292eaf3022afc88e14b8afc94/paho_mqtt-2.1.0-py3-none-any.whl", hash = "sha256:6db9ba9b34ed5bc6b6e3812718c7e06e2fd7444540df2455d2c51bd58808feee", size = 67219, upload-time = "2024-04-29T19:52:48.345Z" },
]

[[package]]
name = "pybullet"
version = "3.2.7"
source = { registry = "https://pypi.org/simple" }
sdist = { url = "https://files.pythonhosted.org/packages/de/95/b9a98cd4ed948d4f25a7d0b13cb0c1f87e58dc6d113be9e18940641eb25f/pybullet-3.2.7.tar.gz", hash = "sha256:042879db8d101ac7590dee475fc6aded508b85fe1273fdbbfde1d88bd200e14f", size = 80508379, upload-time = "2025-01-30T00:34:00.527Z" }
wheels = [
    { url = "https://files.pythonhosted.org/packages/20/78/a23a300110968586a9dbfd516ccd66906450d57567c9f60cddaeaaf10fa6/pybullet-3.2.7-cp311-cp311-manylinux_2_17_x86_64.manylinux2014_x86_64.whl", hash = "sha256:5d858abf7c12a21ef3ed351cf81dac1b5e486ec25c9ab59bfc84beb89034edff", size = 103196742, upload-time = "2025-01-30T00:19:07.063Z" },
]

[[package]]
name = "pygame"
version = "2.6.1"
source = { registry = "https://pypi.org/simple" }
sdist = { url = "https://files.pythonhosted.org/packages/49/cc/08bba60f00541f62aaa252ce0cfbd60aebd04616c0b9574f755b583e45ae/pygame-2.6.1.tar.gz", hash = "sha256:56fb02ead529cee00d415c3e007f75e0780c655909aaa8e8bf616ee09c9feb1f", size = 14808125, upload-time = "2024-09-29T13:41:34.698Z" }
wheels = [
    { url = "https://files.pythonhosted.org/packages/c4/ca/8f367cb9fe734c4f6f6400e045593beea2635cd736158f9fabf58ee14e3c/pygame-2.6.1-cp311-cp311-macosx_10_9_x86_64.whl", hash = "sha256:20349195326a5e82a16e351ed93465a7845a7e2a9af55b7bc1b2110ea3e344e1", size = 13113753, upload-time = "2024-09-29T14:26:13.751Z" },
    { url = "https://files.pythonhosted.org/packages/83/47/6edf2f890139616b3219be9cfcc8f0cb8f42eb15efd59597927e390538cb/pygame-2.6.1-cp311-cp311-macosx_11_0_arm64.whl", hash = "sha256:f3935459109da4bb0b3901da9904f0a3e52028a3332a355d298b1673a334cf21", size = 12378146, upload-time = "2024-09-29T14:26:22.456Z" },
    { url = "https://files.pythonhosted.org/packages/00/9e/0d8aa8cf93db2d2ee38ebaf1c7b61d0df36ded27eb726221719c150c673d/pygame-2.6.1-cp311-cp311-manylinux_2_17_aarch64.manylinux2014_aarch64.whl", hash = "sha256:c31dbdb5d0217f32764797d21c2752e258e5fb7e895326538d82b5f75a0cd856", size = 13611760, upload-time = "2024-09-29T11:10:47.317Z" },
    { url = "https://files.pythonhosted.org/packages/d7/9e/d06adaa5cc65876bcd7a24f59f67e07f7e4194e6298130024ed3fb22c456/pygame-2.6.1-cp311-cp311-manylinux_2_17_i686.manylinux2014_i686.whl", hash = "sha256:173badf82fa198e6888017bea40f511cb28e69ecdd5a72b214e81e4dcd66c3b1", size = 14298054, upload-time = "2024-09-29T11:39:53.891Z" },
    { url = "https://files.pythonhosted.org/packages/7a/a1/9ae2852ebd3a7cc7d9ae7ff7919ab983e4a5c1b7a14e840732f23b2b48f6/pygame-2.6.1-cp311-cp311-manylinux_2_17_x86_64.manylinux2014_x86_64.whl", hash = "sha256:ce8cc108b92de9b149b344ad2e25eedbe773af0dc41dfb24d1f07f679b558c60", size = 13977107, upload-time = "2024-09-29T11:39:56.831Z" },
    { url = "https://files.pythonhosted.org/packages/31/df/6788fd2e9a864d0496a77670e44a7c012184b7a5382866ab0e60c55c0f28/pygame-2.6.1-cp311-cp311-win32.whl", hash = "sha256:811e7b925146d8149d79193652cbb83e0eca0aae66476b1cb310f0f4226b8b5c", size = 10250863, upload-time = "2024-09-29T11:44:48.199Z" },
    { url = "https://files.pythonhosted.org/packages/d2/55/ca3eb851aeef4f6f2e98a360c201f0d00bd1ba2eb98e2c7850d80aabc526/pygame-2.6.1-cp311-cp311-win_amd64.whl", hash = "sha256:91476902426facd4bb0dad4dc3b2573bc82c95c71b135e0daaea072ed528d299", size = 10622016, upload-time = "2024-09-29T12:17:01.545Z" },
    { url = "https://files.pythonhosted.org/packages/92/16/2c602c332f45ff9526d61f6bd764db5096ff9035433e2172e2d2cadae8db/pygame-2.6.1-cp312-cp312-macosx_10_9_x86_64.whl", hash = "sha256:4ee7f2771f588c966fa2fa8b829be26698c9b4836f82ede5e4edc1a68594942e", size = 13118279, upload-time = "2024-09-29T14:26:30.427Z" },
    { url = "https://files.pythonhosted.org/packages/cd/53/77ccbc384b251c6e34bfd2e734c638233922449a7844e3c7a11ef91cee39/pygame-2.6.1-cp312-cp312-macosx_11_0_arm64.whl", hash = "sha256:c8040ea2ab18c6b255af706ec01355c8a6b08dc48d77fd4ee783f8fc46a843bf", size = 12384524, upload-time = "2024-09-29T14:26:49.996Z" },
    { url = "https://files.pythonhosted.org/packages/06/be/3ed337583f010696c3b3435e89a74fb29d0c74d0931e8f33c0a4246307a9/pygame-2.6.1-cp312-cp312-manylinux_2_17_aarch64.manylinux2014_aarch64.whl", hash = "sha256:c47a6938de93fa610accd4969e638c2aebcb29b2fca518a84c3a39d91ab47116", size = 13587123, upload-time = "2024-09-29T11:10:50.072Z" },
    { url = "https://files.pythonhosted.org/packages/fd/ca/b015586a450db59313535662991b34d24c1f0c0dc149cc5f496573900f4e/pygame-2.6.1-cp312-cp312-manylinux_2_17_i686.manylinux2014_i686.whl", hash = "sha256:33006f784e1c7d7e466fcb61d5489da59cc5f7eb098712f792a225df1d4e229d", size = 14275532, upload-time = "2024-09-29T11:39:59.356Z" },
    { url = "https://files.pythonhosted.org/packages/b9/f2/d31e6ad42d657af07be2ffd779190353f759a07b51232b9e1d724f2cda46/pygame-2.6.1-cp312-cp312-manylinux_2_17_x86_64.manylinux2014_x86_64.whl", hash = "sha256:1206125f14cae22c44565c9d333607f1d9f59487b1f1432945dfc809aeaa3e88", size = 13952653, upload-time = "2024-09-29T11:40:01.781Z" },
    { url = "https://files.pythonhosted.org/packages/f3/42/8ea2a6979e6fa971702fece1747e862e2256d4a8558fe0da6364dd946c53/pygame-2.6.1-cp312-cp312-win32.whl", hash = "sha256:84fc4054e25262140d09d39e094f6880d730199710829902f0d8ceae0213379e", size = 10252421, upload-time = "2024-09-29T11:14:26.877Z" },
    { url = "https://files.pythonhosted.org/packages/5f/90/7d766d54bb95939725e9a9361f9c06b0cfbe3fe100aa35400f0a461a278a/pygame-2.6.1-cp312-cp312-win_amd64.whl", hash = "sha256:3a9e7396be0d9633831c3f8d5d82dd63ba373ad65599628294b7a4f8a5a01a65", size = 10624591, upload-time = "2024-09-29T11:52:54.489Z" },
    { url = "https://files.pythonhosted.org/packages/e1/91/718acf3e2a9d08a6ddcc96bd02a6f63c99ee7ba14afeaff2a51c987df0b9/pygame-2.6.1-cp313-cp313-macosx_10_13_x86_64.whl", hash = "sha256:ae6039f3a55d800db80e8010f387557b528d34d534435e0871326804df2a62f2", size = 13090765, upload-time = "2024-09-29T14:27:02.377Z" },
    { url = "https://files.pythonhosted.org/packages/0e/c6/9cb315de851a7682d9c7568a41ea042ee98d668cb8deadc1dafcab6116f0/pygame-2.6.1-cp313-cp313-macosx_11_0_arm64.whl", hash = "sha256:2a3a1288e2e9b1e5834e425bedd5ba01a3cd4902b5c2bff8ed4a740ccfe98171", size = 12381704, upload-time = "2024-09-29T14:27:10.228Z" },
    { url = "https://files.pythonhosted.org/packages/9f/8f/617a1196e31ae3b46be6949fbaa95b8c93ce15e0544266198c2266cc1b4d/pygame-2.6.1-cp313-cp313-manylinux_2_17_aarch64.manylinux2014_aarch64.whl", hash = "sha256:27eb17e3dc9640e4b4683074f1890e2e879827447770470c2aba9f125f74510b", size = 13581091, upload-time = "2024-09-29T11:30:27.653Z" },
    { url = "https://files.pythonhosted.org/packages/3b/87/2851a564e40a2dad353f1c6e143465d445dab18a95281f9ea458b94f3608/pygame-2.6.1-cp313-cp313-manylinux_2_17_i686.manylinux2014_i686.whl", hash = "sha256:4c1623180e70a03c4a734deb9bac50fc9c82942ae84a3a220779062128e75f3b", size = 14273844, upload-time = "2024-09-29T11:40:04.138Z" },
    { url = "https://files.pythonhosted.org/packages/85/b5/aa23aa2e70bcba42c989c02e7228273c30f3b44b9b264abb93eaeff43ad7/pygame-2.6.1-cp313-cp313-manylinux_2_17_x86_64.manylinux2014_x86_64.whl", hash = "sha256:ef07c0103d79492c21fced9ad68c11c32efa6801ca1920ebfd0f15fb46c78b1c", size = 13951197, upload-time = "2024-09-29T11:40:06.785Z" },
    { url = "https://files.pythonhosted.org/packages/a6/06/29e939b34d3f1354738c7d201c51c250ad7abefefaf6f8332d962ff67c4b/pygame-2.6.1-cp313-cp313-win32.whl", hash = "sha256:3acd8c009317190c2bfd81db681ecef47d5eb108c2151d09596d9c7ea9df5c0e", size = 10249309, upload-time = "2024-09-29T11:10:23.329Z" },
    { url = "https://files.pythonhosted.org/packages/7e/11/17f7f319ca91824b86557e9303e3b7a71991ef17fd45286bf47d7f0a38e6/pygame-2.6.1-cp313-cp313-win_amd64.whl", hash = "sha256:813af4fba5d0b2cb8e58f5d95f7910295c34067dcc290d34f1be59c48bd1ea6a", size = 10620084, upload-time = "2024-09-29T11:48:51.587Z" },
]

[[package]]
name = "robotics-simulation"
version = "0.1.0"
source = { virtual = "." }
dependencies = [
    { name = "paho-mqtt" },
    { name = "pybullet" },
    { name = "pygame" },
    { name = "ujson" },
]

[package.metadata]
requires-dist = [
    { name = "paho-mqtt", specifier = ">=1.6.0" },
    { name = "pybullet", specifier = ">=3.2.5" },
    { name = "pygame", specifier = ">=2.5.0" },
    { name = "ujson", specifier = ">=5.0.0" },
]

[[package]]
name = "ujson"
version = "5.11.0"
source = { registry = "https://pypi.org/simple" }
sdist = { url = "https://files.pythonhosted.org/packages/43/d9/3f17e3c5773fb4941c68d9a37a47b1a79c9649d6c56aefbed87cc409d18a/ujson-5.11.0.tar.gz", hash = "sha256:e204ae6f909f099ba6b6b942131cee359ddda2b6e4ea39c12eb8b991fe2010e0", size = 7156583, upload-time = "2025-08-20T11:57:02.452Z" }
wheels = [
    { url = "https://files.pythonhosted.org/packages/da/ea/80346b826349d60ca4d612a47cdf3533694e49b45e9d1c07071bb867a184/ujson-5.11.0-cp311-cp311-macosx_10_9_x86_64.whl", hash = "sha256:d7c46cb0fe5e7056b9acb748a4c35aa1b428025853032540bb7e41f46767321f", size = 55248, upload-time = "2025-08-20T11:55:19.033Z" },
    { url = "https://files.pythonhosted.org/packages/57/df/b53e747562c89515e18156513cc7c8ced2e5e3fd6c654acaa8752ffd7cd9/ujson-5.11.0-cp311-cp311-macosx_11_0_arm64.whl", hash = "sha256:d8951bb7a505ab2a700e26f691bdfacf395bc7e3111e3416d325b513eea03a58", size = 53156, upload-time = "2025-08-20T11:55:20.174Z" },
    { url = "https://files.pythonhosted.org/packages/41/b8/ab67ec8c01b8a3721fd13e5cb9d85ab2a6066a3a5e9148d661a6870d6293/ujson-5.11.0-cp311-cp311-manylinux_2_24_aarch64.manylinux_2_28_aarch64.whl", hash = "sha256:952c0be400229940248c0f5356514123d428cba1946af6fa2bbd7503395fef26", size = 57657, upload-time = "2025-08-20T11:55:21.296Z" },
    { url = "https://files.pythonhosted.org/packages/7b/c7/fb84f27cd80a2c7e2d3c6012367aecade0da936790429801803fa8d4bffc/ujson-5.11.0-cp311-cp311-manylinux_2_24_i686.manylinux_2_28_i686.whl", hash = "sha256:94fcae844f1e302f6f8095c5d1c45a2f0bfb928cccf9f1b99e3ace634b980a2a", size = 59779, upload-time = "2025-08-20T11:55:22.772Z" },
    { url = "https://files.pythonhosted.org/packages/5d/7c/48706f7c1e917ecb97ddcfb7b1d756040b86ed38290e28579d63bd3fcc48/ujson-5.11.0-cp311-cp311-manylinux_2_24_x86_64.manylinux_2_28_x86_64.whl", hash = "sha256:7e0ec1646db172beb8d3df4c32a9d78015e671d2000af548252769e33079d9a6", size = 57284, upload-time = "2025-08-20T11:55:24.01Z" },
    { url = "https://files.pythonhosted.org/packages/ec/ce/48877c6eb4afddfd6bd1db6be34456538c07ca2d6ed233d3f6c6efc2efe8/ujson-5.11.0-cp311-cp311-musllinux_1_2_aarch64.whl", hash = "sha256:da473b23e3a54448b008d33f742bcd6d5fb2a897e42d1fc6e7bf306ea5d18b1b", size = 1036395, upload-time = "2025-08-20T11:55:25.725Z" },
    { url = "https://files.pythonhosted.org/packages/8b/7a/2c20dc97ad70cd7c31ad0596ba8e2cf8794d77191ba4d1e0bded69865477/ujson-5.11.0-cp311-cp311-musllinux_1_2_i686.whl", hash = "sha256:aa6b3d4f1c0d3f82930f4cbd7fe46d905a4a9205a7c13279789c1263faf06dba", size = 1195731, upload-time = "2025-08-20T11:55:27.915Z" },
    { url = "https://files.pythonhosted.org/packages/15/f5/ca454f2f6a2c840394b6f162fff2801450803f4ff56c7af8ce37640b8a2a/ujson-5.11.0-cp311-cp311-musllinux_1_2_x86_64.whl", hash = "sha256:4843f3ab4fe1cc596bb7e02228ef4c25d35b4bb0809d6a260852a4bfcab37ba3", size = 1088710, upload-time = "2025-08-20T11:55:29.426Z" },
    { url = "https://files.pythonhosted.org/packages/fe/d3/9ba310e07969bc9906eb7548731e33a0f448b122ad9705fed699c9b29345/ujson-5.11.0-cp311-cp311-win32.whl", hash = "sha256:e979fbc469a7f77f04ec2f4e853ba00c441bf2b06720aa259f0f720561335e34", size = 39648, upload-time = "2025-08-20T11:55:31.194Z" },
    { url = "https://files.pythonhosted.org/packages/57/f7/da05b4a8819f1360be9e71fb20182f0bb3ec611a36c3f213f4d20709e099/ujson-5.11.0-cp311-cp311-win_amd64.whl", hash = "sha256:683f57f0dd3acdd7d9aff1de0528d603aafcb0e6d126e3dc7ce8b020a28f5d01", size = 43717, upload-time = "2025-08-20T11:55:32.241Z" },
    { url = "https://files.pythonhosted.org/packages/9a/cc/f3f9ac0f24f00a623a48d97dc3814df5c2dc368cfb00031aa4141527a24b/ujson-5.11.0-cp311-cp311-win_arm64.whl", hash = "sha256:7855ccea3f8dad5e66d8445d754fc1cf80265a4272b5f8059ebc7ec29b8d0835", size = 38402, upload-time = "2025-08-20T11:55:33.641Z" },
    { url = "https://files.pythonhosted.org/packages/b9/ef/a9cb1fce38f699123ff012161599fb9f2ff3f8d482b4b18c43a2dc35073f/ujson-5.11.0-cp312-cp312-macosx_10_13_x86_64.whl", hash = "sha256:7895f0d2d53bd6aea11743bd56e3cb82d729980636cd0ed9b89418bf66591702", size = 55434, upload-time = "2025-08-20T11:55:34.987Z" },
    { url = "https://files.pythonhosted.org/packages/b1/05/dba51a00eb30bd947791b173766cbed3492269c150a7771d2750000c965f/ujson-5.11.0-cp312-cp312-macosx_11_0_arm64.whl", hash = "sha256:12b5e7e22a1fe01058000d1b317d3b65cc3daf61bd2ea7a2b76721fe160fa74d", size = 53190, upload-time = "2025-08-20T11:55:36.384Z" },
    { url = "https://files.pythonhosted.org/packages/03/3c/fd11a224f73fbffa299fb9644e425f38b38b30231f7923a088dd513aabb4/ujson-5.11.0-cp312-cp312-manylinux_2_24_aarch64.manylinux_2_28_aarch64.whl", hash = "sha256:0180a480a7d099082501cad1fe85252e4d4bf926b40960fb3d9e87a3a6fbbc80", size = 57600, upload-time = "2025-08-20T11:55:37.692Z" },
    { url = "https://files.pythonhosted.org/packages/55/b9/405103cae24899df688a3431c776e00528bd4799e7d68820e7ebcf824f92/ujson-5.11.0-cp312-cp312-manylinux_2_24_i686.manylinux_2_28_i686.whl", hash = "sha256:fa79fdb47701942c2132a9dd2297a1a85941d966d8c87bfd9e29b0cf423f26cc", size = 59791, upload-time = "2025-08-20T11:55:38.877Z" },
    { url = "https://files.pythonhosted.org/packages/17/7b/2dcbc2bbfdbf68f2368fb21ab0f6735e872290bb604c75f6e06b81edcb3f/ujson-5.11.0-cp312-cp312-manylinux_2_24_x86_64.manylinux_2_28_x86_64.whl", hash = "sha256:8254e858437c00f17cb72e7a644fc42dad0ebb21ea981b71df6e84b1072aaa7c", size = 57356, upload-time = "2025-08-20T11:55:40.036Z" },
    { url = "https://files.pythonhosted.org/packages/d1/71/fea2ca18986a366c750767b694430d5ded6b20b6985fddca72f74af38a4c/ujson-5.11.0-cp312-cp312-musllinux_1_2_aarch64.whl", hash = "sha256:1aa8a2ab482f09f6c10fba37112af5f957689a79ea598399c85009f2f29898b5", size = 1036313, upload-time = "2025-08-20T11:55:41.408Z" },
    { url = "https://files.pythonhosted.org/packages/a3/bb/d4220bd7532eac6288d8115db51710fa2d7d271250797b0bfba9f1e755af/ujson-5.11.0-cp312-cp312-musllinux_1_2_i686.whl", hash = "sha256:a638425d3c6eed0318df663df44480f4a40dc87cc7c6da44d221418312f6413b", size = 1195782, upload-time = "2025-08-20T11:55:43.357Z" },
    { url = "https://files.pythonhosted.org/packages/80/47/226e540aa38878ce1194454385701d82df538ccb5ff8db2cf1641dde849a/ujson-5.11.0-cp312-cp312-musllinux_1_2_x86_64.whl", hash = "sha256:7e3cff632c1d78023b15f7e3a81c3745cd3f94c044d1e8fa8efbd6b161997bbc", size = 1088817, upload-time = "2025-08-20T11:55:45.262Z" },
    { url = "https://files.pythonhosted.org/packages/7e/81/546042f0b23c9040d61d46ea5ca76f0cc5e0d399180ddfb2ae976ebff5b5/ujson-5.11.0-cp312-cp312-win32.whl", hash = "sha256:be6b0eaf92cae8cdee4d4c9e074bde43ef1c590ed5ba037ea26c9632fb479c88", size = 39757, upload-time = "2025-08-20T11:55:46.522Z" },
    { url = "https://files.pythonhosted.org/packages/44/1b/27c05dc8c9728f44875d74b5bfa948ce91f6c33349232619279f35c6e817/ujson-5.11.0-cp312-cp312-win_amd64.whl", hash = "sha256:b7b136cc6abc7619124fd897ef75f8e63105298b5ca9bdf43ebd0e1fa0ee105f", size = 43859, upload-time = "2025-08-20T11:55:47.987Z" },
    { url = "https://files.pythonhosted.org/packages/22/2d/37b6557c97c3409c202c838aa9c960ca3896843b4295c4b7bb2bbd260664/ujson-5.11.0-cp312-cp312-win_arm64.whl", hash = "sha256:6cd2df62f24c506a0ba322d5e4fe4466d47a9467b57e881ee15a31f7ecf68ff6", size = 38361, upload-time = "2025-08-20T11:55:49.122Z" },
    { url = "https://files.pythonhosted.org/packages/1c/ec/2de9dd371d52c377abc05d2b725645326c4562fc87296a8907c7bcdf2db7/ujson-5.11.0-cp313-cp313-macosx_10_13_x86_64.whl", hash = "sha256:109f59885041b14ee9569bf0bb3f98579c3fa0652317b355669939e5fc5ede53", size = 55435, upload-time = "2025-08-20T11:55:50.243Z" },
    { url = "https://files.pythonhosted.org/packages/5b/a4/f611f816eac3a581d8a4372f6967c3ed41eddbae4008d1d77f223f1a4e0a/ujson-5.11.0-cp313-cp313-macosx_11_0_arm64.whl", hash = "sha256:a31c6b8004438e8c20fc55ac1c0e07dad42941db24176fe9acf2815971f8e752", size = 53193, upload-time = "2025-08-20T11:55:51.373Z" },
    { url = "https://files.pythonhosted.org/packages/e9/c5/c161940967184de96f5cbbbcce45b562a4bf851d60f4c677704b1770136d/ujson-5.11.0-cp313-cp313-manylinux_2_24_aarch64.manylinux_2_28_aarch64.whl", hash = "sha256:78c684fb21255b9b90320ba7e199780f653e03f6c2528663768965f4126a5b50", size = 57603, upload-time = "2025-08-20T11:55:52.583Z" },
    { url = "https://files.pythonhosted.org/packages/2b/d6/c7b2444238f5b2e2d0e3dab300b9ddc3606e4b1f0e4bed5a48157cebc792/ujson-5.11.0-cp313-cp313-manylinux_2_24_i686.manylinux_2_28_i686.whl", hash = "sha256:4c9f5d6a27d035dd90a146f7761c2272cf7103de5127c9ab9c4cd39ea61e878a", size = 59794, upload-time = "2025-08-20T11:55:53.69Z" },
    { url = "https://files.pythonhosted.org/packages/fe/a3/292551f936d3d02d9af148f53e1bc04306b00a7cf1fcbb86fa0d1c887242/ujson-5.11.0-cp313-cp313-manylinux_2_24_x86_64.manylinux_2_28_x86_64.whl", hash = "sha256:837da4d27fed5fdc1b630bd18f519744b23a0b5ada1bbde1a36ba463f2900c03", size = 57363, upload-time = "2025-08-20T11:55:54.843Z" },
    { url = "https://files.pythonhosted.org/packages/90/a6/82cfa70448831b1a9e73f882225980b5c689bf539ec6400b31656a60ea46/ujson-5.11.0-cp313-cp313-musllinux_1_2_aarch64.whl", hash = "sha256:787aff4a84da301b7f3bac09bc696e2e5670df829c6f8ecf39916b4e7e24e701", size = 1036311, upload-time = "2025-08-20T11:55:56.197Z" },
    { url = "https://files.pythonhosted.org/packages/84/5c/96e2266be50f21e9b27acaee8ca8f23ea0b85cb998c33d4f53147687839b/ujson-5.11.0-cp313-cp313-musllinux_1_2_i686.whl", hash = "sha256:6dd703c3e86dc6f7044c5ac0b3ae079ed96bf297974598116aa5fb7f655c3a60", size = 1195783, upload-time = "2025-08-20T11:55:58.081Z" },
    { url = "https://files.pythonhosted.org/packages/8d/20/78abe3d808cf3bb3e76f71fca46cd208317bf461c905d79f0d26b9df20f1/ujson-5.11.0-cp313-cp313-musllinux_1_2_x86_64.whl", hash = "sha256:3772e4fe6b0c1e025ba3c50841a0ca4786825a4894c8411bf8d3afe3a8061328", size = 1088822, upload-time = "2025-08-20T11:55:59.469Z" },
    { url = "https://files.pythonhosted.org/packages/d8/50/8856e24bec5e2fc7f775d867aeb7a3f137359356200ac44658f1f2c834b2/ujson-5.11.0-cp313-cp313-win32.whl", hash = "sha256:8fa2af7c1459204b7a42e98263b069bd535ea0cd978b4d6982f35af5a04a4241", size = 39753, upload-time = "2025-08-20T11:56:01.345Z" },
    { url = "https://files.pythonhosted.org/packages/5b/d8/1baee0f4179a4d0f5ce086832147b6cc9b7731c24ca08e14a3fdb8d39c32/ujson-5.11.0-cp313-cp313-win_amd64.whl", hash = "sha256:34032aeca4510a7c7102bd5933f59a37f63891f30a0706fb46487ab6f0edf8f0", size = 43866, upload-time = "2025-08-20T11:56:02.552Z" },
    { url = "https://files.pythonhosted.org/packages/a9/8c/6d85ef5be82c6d66adced3ec5ef23353ed710a11f70b0b6a836878396334/ujson-5.11.0-cp313-cp313-win_arm64.whl", hash = "sha256:ce076f2df2e1aa62b685086fbad67f2b1d3048369664b4cdccc50707325401f9", size = 38363, upload-time = "2025-08-20T11:56:03.688Z" },
    { url = "https://files.pythonhosted.org/packages/28/08/4518146f4984d112764b1dfa6fb7bad691c44a401adadaa5e23ccd930053/ujson-5.11.0-cp314-cp314-macosx_10_13_x86_64.whl", hash = "sha256:65724738c73645db88f70ba1f2e6fb678f913281804d5da2fd02c8c5839af302", size = 55462, upload-time = "2025-08-20T11:56:04.873Z" },
    { url = "https://files.pythonhosted.org/packages/29/37/2107b9a62168867a692654d8766b81bd2fd1e1ba13e2ec90555861e02b0c/ujson-5.11.0-cp314-cp314-macosx_11_0_arm64.whl", hash = "sha256:29113c003ca33ab71b1b480bde952fbab2a0b6b03a4ee4c3d71687cdcbd1a29d", size = 53246, upload-time = "2025-08-20T11:56:06.054Z" },
    { url = "https://files.pythonhosted.org/packages/9b/f8/25583c70f83788edbe3ca62ce6c1b79eff465d78dec5eb2b2b56b3e98b33/ujson-5.11.0-cp314-cp314-manylinux_2_24_aarch64.manylinux_2_28_aarch64.whl", hash = "sha256:c44c703842024d796b4c78542a6fcd5c3cb948b9fc2a73ee65b9c86a22ee3638", size = 57631, upload-time = "2025-08-20T11:56:07.374Z" },
    { url = "https://files.pythonhosted.org/packages/ed/ca/19b3a632933a09d696f10dc1b0dfa1d692e65ad507d12340116ce4f67967/ujson-5.11.0-cp314-cp314-manylinux_2_24_i686.manylinux_2_28_i686.whl", hash = "sha256:e750c436fb90edf85585f5c62a35b35082502383840962c6983403d1bd96a02c", size = 59877, upload-time = "2025-08-20T11:56:08.534Z" },
    { url = "https://files.pythonhosted.org/packages/55/7a/4572af5324ad4b2bfdd2321e898a527050290147b4ea337a79a0e4e87ec7/ujson-5.11.0-cp314-cp314-manylinux_2_24_x86_64.manylinux_2_28_x86_64.whl", hash = "sha256:f278b31a7c52eb0947b2db55a5133fbc46b6f0ef49972cd1a80843b72e135aba", size = 57363, upload-time = "2025-08-20T11:56:09.758Z" },
    { url = "https://files.pythonhosted.org/packages/7b/71/a2b8c19cf4e1efe53cf439cdf7198ac60ae15471d2f1040b490c1f0f831f/ujson-5.11.0-cp314-cp314-musllinux_1_2_aarch64.whl", hash = "sha256:ab2cb8351d976e788669c8281465d44d4e94413718af497b4e7342d7b2f78018", size = 1036394, upload-time = "2025-08-20T11:56:11.168Z" },
    { url = "https://files.pythonhosted.org/packages/7a/3e/7b98668cba3bb3735929c31b999b374ebc02c19dfa98dfebaeeb5c8597ca/ujson-5.11.0-cp314-cp314-musllinux_1_2_i686.whl", hash = "sha256:090b4d11b380ae25453100b722d0609d5051ffe98f80ec52853ccf8249dfd840", size = 1195837, upload-time = "2025-08-20T11:56:12.6Z" },
    { url = "https://files.pythonhosted.org/packages/a1/ea/8870f208c20b43571a5c409ebb2fe9b9dba5f494e9e60f9314ac01ea8f78/ujson-5.11.0-cp314-cp314-musllinux_1_2_x86_64.whl", hash = "sha256:80017e870d882d5517d28995b62e4e518a894f932f1e242cbc802a2fd64d365c", size = 1088837, upload-time = "2025-08-20T11:56:14.15Z" },
    { url = "https://files.pythonhosted.org/packages/63/b6/c0e6607e37fa47929920a685a968c6b990a802dec65e9c5181e97845985d/ujson-5.11.0-cp314-cp314-win32.whl", hash = "sha256:1d663b96eb34c93392e9caae19c099ec4133ba21654b081956613327f0e973ac", size = 41022, upload-time = "2025-08-20T11:56:15.509Z" },
    { url = "https://files.pythonhosted.org/packages/4e/56/f4fe86b4c9000affd63e9219e59b222dc48b01c534533093e798bf617a7e/ujson-5.11.0-cp314-cp314-win_amd64.whl", hash = "sha256:849e65b696f0d242833f1df4182096cedc50d414215d1371fca85c541fbff629", size = 45111, upload-time = "2025-08-20T11:56:16.597Z" },
    { url = "https://files.pythonhosted.org/packages/0a/f3/669437f0280308db4783b12a6d88c00730b394327d8334cc7a32ef218e64/ujson-5.11.0-cp314-cp314-win_arm64.whl", hash = "sha256:e73df8648c9470af2b6a6bf5250d4744ad2cf3d774dcf8c6e31f018bdd04d764", size = 39682, upload-time = "2025-08-20T11:56:17.763Z" },
    { url = "https://files.pythonhosted.org/packages/6e/cd/e9809b064a89fe5c4184649adeb13c1b98652db3f8518980b04227358574/ujson-5.11.0-cp314-cp314t-macosx_10_13_x86_64.whl", hash = "sha256:de6e88f62796372fba1de973c11138f197d3e0e1d80bcb2b8aae1e826096d433", size = 55759, upload-time = "2025-08-20T11:56:18.882Z" },
    { url = "https://files.pythonhosted.org/packages/1b/be/ae26a6321179ebbb3a2e2685b9007c71bcda41ad7a77bbbe164005e956fc/ujson-5.11.0-cp314-cp314t-macosx_11_0_arm64.whl", hash = "sha256:49e56ef8066f11b80d620985ae36869a3ff7e4b74c3b6129182ec5d1df0255f3", size = 53634, upload-time = "2025-08-20T11:56:20.012Z" },
    { url = "https://files.pythonhosted.org/packages/ae/e9/fb4a220ee6939db099f4cfeeae796ecb91e7584ad4d445d4ca7f994a9135/ujson-5.11.0-cp314-cp314t-manylinux_2_24_aarch64.manylinux_2_28_aarch64.whl", hash = "sha256:1a325fd2c3a056cf6c8e023f74a0c478dd282a93141356ae7f16d5309f5ff823", size = 58547, upload-time = "2025-08-20T11:56:21.175Z" },
    { url = "https://files.pythonhosted.org/packages/bd/f8/fc4b952b8f5fea09ea3397a0bd0ad019e474b204cabcb947cead5d4d1ffc/ujson-5.11.0-cp314-cp314t-manylinux_2_24_i686.manylinux_2_28_i686.whl", hash = "sha256:a0af6574fc1d9d53f4ff371f58c96673e6d988ed2b5bf666a6143c782fa007e9", size = 60489, upload-time = "2025-08-20T11:56:22.342Z" },
    { url = "https://files.pythonhosted.org/packages/2e/e5/af5491dfda4f8b77e24cf3da68ee0d1552f99a13e5c622f4cef1380925c3/ujson-5.11.0-cp314-cp314t-manylinux_2_24_x86_64.manylinux_2_28_x86_64.whl", hash = "sha256:10f29e71ecf4ecd93a6610bd8efa8e7b6467454a363c3d6416db65de883eb076", size = 58035, upload-time = "2025-08-20T11:56:23.92Z" },
    { url = "https://files.pythonhosted.org/packages/c4/09/0945349dd41f25cc8c38d78ace49f14c5052c5bbb7257d2f466fa7bdb533/ujson-5.11.0-cp314-cp314t-musllinux_1_2_aarch64.whl", hash = "sha256:1a0a9b76a89827a592656fe12e000cf4f12da9692f51a841a4a07aa4c7ecc41c", size = 1037212, upload-time = "2025-08-20T11:56:25.274Z" },
    { url = "https://files.pythonhosted.org/packages/49/44/8e04496acb3d5a1cbee3a54828d9652f67a37523efa3d3b18a347339680a/ujson-5.11.0-cp314-cp314t-musllinux_1_2_i686.whl", hash = "sha256:b16930f6a0753cdc7d637b33b4e8f10d5e351e1fb83872ba6375f1e87be39746", size = 1196500, upload-time = "2025-08-20T11:56:27.517Z" },
    { url = "https://files.pythonhosted.org/packages/64/ae/4bc825860d679a0f208a19af2f39206dfd804ace2403330fdc3170334a2f/ujson-5.11.0-cp314-cp314t-musllinux_1_2_x86_64.whl", hash = "sha256:04c41afc195fd477a59db3a84d5b83a871bd648ef371cf8c6f43072d89144eef", size = 1089487, upload-time = "2025-08-20T11:56:29.07Z" },
    { url = "https://files.pythonhosted.org/packages/30/ed/5a057199fb0a5deabe0957073a1c1c1c02a3e99476cd03daee98ea21fa57/ujson-5.11.0-cp314-cp314t-win32.whl", hash = "sha256:aa6d7a5e09217ff93234e050e3e380da62b084e26b9f2e277d2606406a2fc2e5", size = 41859, upload-time = "2025-08-20T11:56:30.495Z" },
    { url = "https://files.pythonhosted.org/packages/aa/03/b19c6176bdf1dc13ed84b886e99677a52764861b6cc023d5e7b6ebda249d/ujson-5.11.0-cp314-cp314t-win_amd64.whl", hash = "sha256:48055e1061c1bb1f79e75b4ac39e821f3f35a9b82de17fce92c3140149009bec", size = 46183, upload-time = "2025-08-20T11:56:31.574Z" },
    { url = "https://files.pythonhosted.org/packages/5d/ca/a0413a3874b2dc1708b8796ca895bf363292f9c70b2e8ca482b7dbc0259d/ujson-5.11.0-cp314-cp314t-win_arm64.whl", hash = "sha256:1194b943e951092db611011cb8dbdb6cf94a3b816ed07906e14d3bc6ce0e90ab", size = 40264, upload-time = "2025-08-20T11:56:32.773Z" },
    { url = "https://files.pythonhosted.org/packages/50/17/30275aa2933430d8c0c4ead951cc4fdb922f575a349aa0b48a6f35449e97/ujson-5.11.0-pp311-pypy311_pp73-macosx_10_15_x86_64.whl", hash = "sha256:abae0fb58cc820092a0e9e8ba0051ac4583958495bfa5262a12f628249e3b362", size = 51206, upload-time = "2025-08-20T11:56:48.797Z" },
    { url = "https://files.pythonhosted.org/packages/c3/15/42b3924258eac2551f8f33fa4e35da20a06a53857ccf3d4deb5e5d7c0b6c/ujson-5.11.0-pp311-pypy311_pp73-macosx_11_0_arm64.whl", hash = "sha256:fac6c0649d6b7c3682a0a6e18d3de6857977378dce8d419f57a0b20e3d775b39", size = 48907, upload-time = "2025-08-20T11:56:50.136Z" },
    { url = "https://files.pythonhosted.org/packages/94/7e/0519ff7955aba581d1fe1fb1ca0e452471250455d182f686db5ac9e46119/ujson-5.11.0-pp311-pypy311_pp73-manylinux_2_24_aarch64.manylinux_2_28_aarch64.whl", hash = "sha256:4b42c115c7c6012506e8168315150d1e3f76e7ba0f4f95616f4ee599a1372bbc", size = 50319, upload-time = "2025-08-20T11:56:51.63Z" },
    { url = "https://files.pythonhosted.org/packages/74/cf/209d90506b7d6c5873f82c5a226d7aad1a1da153364e9ebf61eff0740c33/ujson-5.11.0-pp311-pypy311_pp73-manylinux_2_24_i686.manylinux_2_28_i686.whl", hash = "sha256:86baf341d90b566d61a394869ce77188cc8668f76d7bb2c311d77a00f4bdf844", size = 56584, upload-time = "2025-08-20T11:56:52.89Z" },
    { url = "https://files.pythonhosted.org/packages/e9/97/bd939bb76943cb0e1d2b692d7e68629f51c711ef60425fa5bb6968037ecd/ujson-5.11.0-pp311-pypy311_pp73-manylinux_2_24_x86_64.manylinux_2_28_x86_64.whl", hash = "sha256:4598bf3965fc1a936bd84034312bcbe00ba87880ef1ee33e33c1e88f2c398b49", size = 51588, upload-time = "2025-08-20T11:56:54.054Z" },
    { url = "https://files.pythonhosted.org/packages/52/5b/8c5e33228f7f83f05719964db59f3f9f276d272dc43752fa3bbf0df53e7b/ujson-5.11.0-pp311-pypy311_pp73-win_amd64.whl", hash = "sha256:416389ec19ef5f2013592f791486bef712ebce0cd59299bf9df1ba40bb2f6e04", size = 43835, upload-time = "2025-08-20T11:56:55.237Z" },
]
